// !$*UTF8*$!
{
	archiveVersion = 1;
	classes = {
	};
	objectVersion = 50;
	objects = {

/* Begin PBXBuildFile section */
		8437CAEC24C869C70070FDA1 /* AppDelegate.swift in Sources */ = {isa = PBXBuildFile; fileRef = 8437CAEB24C869C70070FDA1 /* AppDelegate.swift */; };
		8437CAEE24C869C70070FDA1 /* SceneDelegate.swift in Sources */ = {isa = PBXBuildFile; fileRef = 8437CAED24C869C70070FDA1 /* SceneDelegate.swift */; };
		8437CAF024C869C70070FDA1 /* ViewController.swift in Sources */ = {isa = PBXBuildFile; fileRef = 8437CAEF24C869C70070FDA1 /* ViewController.swift */; };
		8437CAF324C869C70070FDA1 /* Main.storyboard in Resources */ = {isa = PBXBuildFile; fileRef = 8437CAF124C869C70070FDA1 /* Main.storyboard */; };
		8437CAF524C869CD0070FDA1 /* Assets.xcassets in Resources */ = {isa = PBXBuildFile; fileRef = 8437CAF424C869CD0070FDA1 /* Assets.xcassets */; };
		8437CAF824C869CD0070FDA1 /* LaunchScreen.storyboard in Resources */ = {isa = PBXBuildFile; fileRef = 8437CAF624C869CD0070FDA1 /* LaunchScreen.storyboard */; };
		8437CB0324C869CD0070FDA1 /* Shopping_ListTests.swift in Sources */ = {isa = PBXBuildFile; fileRef = 8437CB0224C869CD0070FDA1 /* Shopping_ListTests.swift */; };
		8437CB0E24C869CE0070FDA1 /* Shopping_ListUITests.swift in Sources */ = {isa = PBXBuildFile; fileRef = 8437CB0D24C869CE0070FDA1 /* Shopping_ListUITests.swift */; };
/* End PBXBuildFile section */

/* Begin PBXContainerItemProxy section */
		8437CAFF24C869CD0070FDA1 /* PBXContainerItemProxy */ = {
			isa = PBXContainerItemProxy;
			containerPortal = 8437CAE024C869C70070FDA1 /* Project object */;
			proxyType = 1;
			remoteGlobalIDString = 8437CAE724C869C70070FDA1;
			remoteInfo = "Shopping List";
		};
		8437CB0A24C869CD0070FDA1 /* PBXContainerItemProxy */ = {
			isa = PBXContainerItemProxy;
			containerPortal = 8437CAE024C869C70070FDA1 /* Project object */;
			proxyType = 1;
			remoteGlobalIDString = 8437CAE724C869C70070FDA1;
			remoteInfo = "Shopping List";
		};
/* End PBXContainerItemProxy section */

/* Begin PBXFileReference section */
		8437CAE824C869C70070FDA1 /* Shopping List.app */ = {isa = PBXFileReference; explicitFileType = wrapper.application; includeInIndex = 0; path = "Shopping List.app"; sourceTree = BUILT_PRODUCTS_DIR; };
		8437CAEB24C869C70070FDA1 /* AppDelegate.swift */ = {isa = PBXFileReference; lastKnownFileType = sourcecode.swift; path = AppDelegate.swift; sourceTree = "<group>"; };
		8437CAED24C869C70070FDA1 /* SceneDelegate.swift */ = {isa = PBXFileReference; lastKnownFileType = sourcecode.swift; path = SceneDelegate.swift; sourceTree = "<group>"; };
		8437CAEF24C869C70070FDA1 /* ViewController.swift */ = {isa = PBXFileReference; lastKnownFileType = sourcecode.swift; path = ViewController.swift; sourceTree = "<group>"; };
		8437CAF224C869C70070FDA1 /* Base */ = {isa = PBXFileReference; lastKnownFileType = file.storyboard; name = Base; path = Base.lproj/Main.storyboard; sourceTree = "<group>"; };
		8437CAF424C869CD0070FDA1 /* Assets.xcassets */ = {isa = PBXFileReference; lastKnownFileType = folder.assetcatalog; path = Assets.xcassets; sourceTree = "<group>"; };
		8437CAF724C869CD0070FDA1 /* Base */ = {isa = PBXFileReference; lastKnownFileType = file.storyboard; name = Base; path = Base.lproj/LaunchScreen.storyboard; sourceTree = "<group>"; };
		8437CAF924C869CD0070FDA1 /* Info.plist */ = {isa = PBXFileReference; lastKnownFileType = text.plist.xml; path = Info.plist; sourceTree = "<group>"; };
		8437CAFE24C869CD0070FDA1 /* Shopping ListTests.xctest */ = {isa = PBXFileReference; explicitFileType = wrapper.cfbundle; includeInIndex = 0; path = "Shopping ListTests.xctest"; sourceTree = BUILT_PRODUCTS_DIR; };
		8437CB0224C869CD0070FDA1 /* Shopping_ListTests.swift */ = {isa = PBXFileReference; lastKnownFileType = sourcecode.swift; path = Shopping_ListTests.swift; sourceTree = "<group>"; };
		8437CB0424C869CD0070FDA1 /* Info.plist */ = {isa = PBXFileReference; lastKnownFileType = text.plist.xml; path = Info.plist; sourceTree = "<group>"; };
		8437CB0924C869CD0070FDA1 /* Shopping ListUITests.xctest */ = {isa = PBXFileReference; explicitFileType = wrapper.cfbundle; includeInIndex = 0; path = "Shopping ListUITests.xctest"; sourceTree = BUILT_PRODUCTS_DIR; };
		8437CB0D24C869CE0070FDA1 /* Shopping_ListUITests.swift */ = {isa = PBXFileReference; lastKnownFileType = sourcecode.swift; path = Shopping_ListUITests.swift; sourceTree = "<group>"; };
		8437CB0F24C869CE0070FDA1 /* Info.plist */ = {isa = PBXFileReference; lastKnownFileType = text.plist.xml; path = Info.plist; sourceTree = "<group>"; };
/* End PBXFileReference section */

/* Begin PBXFrameworksBuildPhase section */
		8437CAE524C869C70070FDA1 /* Frameworks */ = {
			isa = PBXFrameworksBuildPhase;
			buildActionMask = 2147483647;
			files = (
			);
			runOnlyForDeploymentPostprocessing = 0;
		};
		8437CAFB24C869CD0070FDA1 /* Frameworks */ = {
			isa = PBXFrameworksBuildPhase;
			buildActionMask = 2147483647;
			files = (
			);
			runOnlyForDeploymentPostprocessing = 0;
		};
		8437CB0624C869CD0070FDA1 /* Frameworks */ = {
			isa = PBXFrameworksBuildPhase;
			buildActionMask = 2147483647;
			files = (
			);
			runOnlyForDeploymentPostprocessing = 0;
		};
/* End PBXFrameworksBuildPhase section */

/* Begin PBXGroup section */
		8437CADF24C869C70070FDA1 = {
			isa = PBXGroup;
			children = (
				8437CAEA24C869C70070FDA1 /* Shopping List */,
				8437CB0124C869CD0070FDA1 /* Shopping ListTests */,
				8437CB0C24C869CE0070FDA1 /* Shopping ListUITests */,
				8437CAE924C869C70070FDA1 /* Products */,
			);
			sourceTree = "<group>";
		};
		8437CAE924C869C70070FDA1 /* Products */ = {
			isa = PBXGroup;
			children = (
				8437CAE824C869C70070FDA1 /* Shopping List.app */,
				8437CAFE24C869CD0070FDA1 /* Shopping ListTests.xctest */,
				8437CB0924C869CD0070FDA1 /* Shopping ListUITests.xctest */,
			);
			name = Products;
			sourceTree = "<group>";
		};
		8437CAEA24C869C70070FDA1 /* Shopping List */ = {
			isa = PBXGroup;
			children = (
				8437CAEB24C869C70070FDA1 /* AppDelegate.swift */,
				8437CAED24C869C70070FDA1 /* SceneDelegate.swift */,
				8437CAEF24C869C70070FDA1 /* ViewController.swift */,
				8437CAF124C869C70070FDA1 /* Main.storyboard */,
				8437CAF424C869CD0070FDA1 /* Assets.xcassets */,
				8437CAF624C869CD0070FDA1 /* LaunchScreen.storyboard */,
				8437CAF924C869CD0070FDA1 /* Info.plist */,
			);
			path = "Shopping List";
			sourceTree = "<group>";
		};
		8437CB0124C869CD0070FDA1 /* Shopping ListTests */ = {
			isa = PBXGroup;
			children = (
				8437CB0224C869CD0070FDA1 /* Shopping_ListTests.swift */,
				8437CB0424C869CD0070FDA1 /* Info.plist */,
			);
			path = "Shopping ListTests";
			sourceTree = "<group>";
		};
		8437CB0C24C869CE0070FDA1 /* Shopping ListUITests */ = {
			isa = PBXGroup;
			children = (
				8437CB0D24C869CE0070FDA1 /* Shopping_ListUITests.swift */,
				8437CB0F24C869CE0070FDA1 /* Info.plist */,
			);
			path = "Shopping ListUITests";
			sourceTree = "<group>";
		};
/* End PBXGroup section */

/* Begin PBXNativeTarget section */
		8437CAE724C869C70070FDA1 /* Shopping List */ = {
			isa = PBXNativeTarget;
			buildConfigurationList = 8437CB1224C869CE0070FDA1 /* Build configuration list for PBXNativeTarget "Shopping List" */;
			buildPhases = (
				8437CAE424C869C70070FDA1 /* Sources */,
				8437CAE524C869C70070FDA1 /* Frameworks */,
				8437CAE624C869C70070FDA1 /* Resources */,
			);
			buildRules = (
			);
			dependencies = (
			);
			name = "Shopping List";
			productName = "Shopping List";
			productReference = 8437CAE824C869C70070FDA1 /* Shopping List.app */;
			productType = "com.apple.product-type.application";
		};
		8437CAFD24C869CD0070FDA1 /* Shopping ListTests */ = {
			isa = PBXNativeTarget;
			buildConfigurationList = 8437CB1524C869CE0070FDA1 /* Build configuration list for PBXNativeTarget "Shopping ListTests" */;
			buildPhases = (
				8437CAFA24C869CD0070FDA1 /* Sources */,
				8437CAFB24C869CD0070FDA1 /* Frameworks */,
				8437CAFC24C869CD0070FDA1 /* Resources */,
			);
			buildRules = (
			);
			dependencies = (
				8437CB0024C869CD0070FDA1 /* PBXTargetDependency */,
			);
			name = "Shopping ListTests";
			productName = "Shopping ListTests";
			productReference = 8437CAFE24C869CD0070FDA1 /* Shopping ListTests.xctest */;
			productType = "com.apple.product-type.bundle.unit-test";
		};
		8437CB0824C869CD0070FDA1 /* Shopping ListUITests */ = {
			isa = PBXNativeTarget;
			buildConfigurationList = 8437CB1824C869CE0070FDA1 /* Build configuration list for PBXNativeTarget "Shopping ListUITests" */;
			buildPhases = (
				8437CB0524C869CD0070FDA1 /* Sources */,
				8437CB0624C869CD0070FDA1 /* Frameworks */,
				8437CB0724C869CD0070FDA1 /* Resources */,
			);
			buildRules = (
			);
			dependencies = (
				8437CB0B24C869CD0070FDA1 /* PBXTargetDependency */,
			);
			name = "Shopping ListUITests";
			productName = "Shopping ListUITests";
			productReference = 8437CB0924C869CD0070FDA1 /* Shopping ListUITests.xctest */;
			productType = "com.apple.product-type.bundle.ui-testing";
		};
/* End PBXNativeTarget section */

/* Begin PBXProject section */
		8437CAE024C869C70070FDA1 /* Project object */ = {
			isa = PBXProject;
			attributes = {
				LastSwiftUpdateCheck = 1130;
				LastUpgradeCheck = 1130;
				ORGANIZATIONNAME = "Shanice Brown";
				TargetAttributes = {
					8437CAE724C869C70070FDA1 = {
						CreatedOnToolsVersion = 11.3.1;
					};
					8437CAFD24C869CD0070FDA1 = {
						CreatedOnToolsVersion = 11.3.1;
						TestTargetID = 8437CAE724C869C70070FDA1;
					};
					8437CB0824C869CD0070FDA1 = {
						CreatedOnToolsVersion = 11.3.1;
						TestTargetID = 8437CAE724C869C70070FDA1;
					};
				};
			};
			buildConfigurationList = 8437CAE324C869C70070FDA1 /* Build configuration list for PBXProject "Shopping List" */;
			compatibilityVersion = "Xcode 9.3";
			developmentRegion = en;
			hasScannedForEncodings = 0;
			knownRegions = (
				en,
				Base,
			);
			mainGroup = 8437CADF24C869C70070FDA1;
			productRefGroup = 8437CAE924C869C70070FDA1 /* Products */;
			projectDirPath = "";
			projectRoot = "";
			targets = (
				8437CAE724C869C70070FDA1 /* Shopping List */,
				8437CAFD24C869CD0070FDA1 /* Shopping ListTests */,
				8437CB0824C869CD0070FDA1 /* Shopping ListUITests */,
			);
		};
/* End PBXProject section */

/* Begin PBXResourcesBuildPhase section */
		8437CAE624C869C70070FDA1 /* Resources */ = {
			isa = PBXResourcesBuildPhase;
			buildActionMask = 2147483647;
			files = (
				8437CAF824C869CD0070FDA1 /* LaunchScreen.storyboard in Resources */,
				8437CAF524C869CD0070FDA1 /* Assets.xcassets in Resources */,
				8437CAF324C869C70070FDA1 /* Main.storyboard in Resources */,
			);
			runOnlyForDeploymentPostprocessing = 0;
		};
		8437CAFC24C869CD0070FDA1 /* Resources */ = {
			isa = PBXResourcesBuildPhase;
			buildActionMask = 2147483647;
			files = (
			);
			runOnlyForDeploymentPostprocessing = 0;
		};
		8437CB0724C869CD0070FDA1 /* Resources */ = {
			isa = PBXResourcesBuildPhase;
			buildActionMask = 2147483647;
			files = (
			);
			runOnlyForDeploymentPostprocessing = 0;
		};
/* End PBXResourcesBuildPhase section */

/* Begin PBXSourcesBuildPhase section */
		8437CAE424C869C70070FDA1 /* Sources */ = {
			isa = PBXSourcesBuildPhase;
			buildActionMask = 2147483647;
			files = (
				8437CAF024C869C70070FDA1 /* ViewController.swift in Sources */,
				8437CAEC24C869C70070FDA1 /* AppDelegate.swift in Sources */,
				8437CAEE24C869C70070FDA1 /* SceneDelegate.swift in Sources */,
			);
			runOnlyForDeploymentPostprocessing = 0;
		};
		8437CAFA24C869CD0070FDA1 /* Sources */ = {
			isa = PBXSourcesBuildPhase;
			buildActionMask = 2147483647;
			files = (
				8437CB0324C869CD0070FDA1 /* Shopping_ListTests.swift in Sources */,
			);
			runOnlyForDeploymentPostprocessing = 0;
		};
		8437CB0524C869CD0070FDA1 /* Sources */ = {
			isa = PBXSourcesBuildPhase;
			buildActionMask = 2147483647;
			files = (
				8437CB0E24C869CE0070FDA1 /* Shopping_ListUITests.swift in Sources */,
			);
			runOnlyForDeploymentPostprocessing = 0;
		};
/* End PBXSourcesBuildPhase section */

/* Begin PBXTargetDependency section */
		8437CB0024C869CD0070FDA1 /* PBXTargetDependency */ = {
			isa = PBXTargetDependency;
			target = 8437CAE724C869C70070FDA1 /* Shopping List */;
			targetProxy = 8437CAFF24C869CD0070FDA1 /* PBXContainerItemProxy */;
		};
		8437CB0B24C869CD0070FDA1 /* PBXTargetDependency */ = {
			isa = PBXTargetDependency;
			target = 8437CAE724C869C70070FDA1 /* Shopping List */;
			targetProxy = 8437CB0A24C869CD0070FDA1 /* PBXContainerItemProxy */;
		};
/* End PBXTargetDependency section */

/* Begin PBXVariantGroup section */
		8437CAF124C869C70070FDA1 /* Main.storyboard */ = {
			isa = PBXVariantGroup;
			children = (
				8437CAF224C869C70070FDA1 /* Base */,
			);
			name = Main.storyboard;
			sourceTree = "<group>";
		};
		8437CAF624C869CD0070FDA1 /* LaunchScreen.storyboard */ = {
			isa = PBXVariantGroup;
			children = (
				8437CAF724C869CD0070FDA1 /* Base */,
			);
			name = LaunchScreen.storyboard;
			sourceTree = "<group>";
		};
/* End PBXVariantGroup section */

/* Begin XCBuildConfiguration section */
		8437CB1024C869CE0070FDA1 /* Debug */ = {
			isa = XCBuildConfiguration;
			buildSettings = {
				ALWAYS_SEARCH_USER_PATHS = NO;
				CLANG_ANALYZER_NONNULL = YES;
				CLANG_ANALYZER_NUMBER_OBJECT_CONVERSION = YES_AGGRESSIVE;
				CLANG_CXX_LANGUAGE_STANDARD = "gnu++14";
				CLANG_CXX_LIBRARY = "libc++";
				CLANG_ENABLE_MODULES = YES;
				CLANG_ENABLE_OBJC_ARC = YES;
				CLANG_ENABLE_OBJC_WEAK = YES;
				CLANG_WARN_BLOCK_CAPTURE_AUTORELEASING = YES;
				CLANG_WARN_BOOL_CONVERSION = YES;
				CLANG_WARN_COMMA = YES;
				CLANG_WARN_CONSTANT_CONVERSION = YES;
				CLANG_WARN_DEPRECATED_OBJC_IMPLEMENTATIONS = YES;
				CLANG_WARN_DIRECT_OBJC_ISA_USAGE = YES_ERROR;
				CLANG_WARN_DOCUMENTATION_COMMENTS = YES;
				CLANG_WARN_EMPTY_BODY = YES;
				CLANG_WARN_ENUM_CONVERSION = YES;
				CLANG_WARN_INFINITE_RECURSION = YES;
				CLANG_WARN_INT_CONVERSION = YES;
				CLANG_WARN_NON_LITERAL_NULL_CONVERSION = YES;
				CLANG_WARN_OBJC_IMPLICIT_RETAIN_SELF = YES;
				CLANG_WARN_OBJC_LITERAL_CONVERSION = YES;
				CLANG_WARN_OBJC_ROOT_CLASS = YES_ERROR;
				CLANG_WARN_RANGE_LOOP_ANALYSIS = YES;
				CLANG_WARN_STRICT_PROTOTYPES = YES;
				CLANG_WARN_SUSPICIOUS_MOVE = YES;
				CLANG_WARN_UNGUARDED_AVAILABILITY = YES_AGGRESSIVE;
				CLANG_WARN_UNREACHABLE_CODE = YES;
				CLANG_WARN__DUPLICATE_METHOD_MATCH = YES;
				COPY_PHASE_STRIP = NO;
				DEBUG_INFORMATION_FORMAT = dwarf;
				ENABLE_STRICT_OBJC_MSGSEND = YES;
				ENABLE_TESTABILITY = YES;
				GCC_C_LANGUAGE_STANDARD = gnu11;
				GCC_DYNAMIC_NO_PIC = NO;
				GCC_NO_COMMON_BLOCKS = YES;
				GCC_OPTIMIZATION_LEVEL = 0;
				GCC_PREPROCESSOR_DEFINITIONS = (
					"DEBUG=1",
					"$(inherited)",
				);
				GCC_WARN_64_TO_32_BIT_CONVERSION = YES;
				GCC_WARN_ABOUT_RETURN_TYPE = YES_ERROR;
				GCC_WARN_UNDECLARED_SELECTOR = YES;
				GCC_WARN_UNINITIALIZED_AUTOS = YES_AGGRESSIVE;
				GCC_WARN_UNUSED_FUNCTION = YES;
				GCC_WARN_UNUSED_VARIABLE = YES;
				IPHONEOS_DEPLOYMENT_TARGET = 13.2;
				MTL_ENABLE_DEBUG_INFO = INCLUDE_SOURCE;
				MTL_FAST_MATH = YES;
				ONLY_ACTIVE_ARCH = YES;
				SDKROOT = iphoneos;
				SWIFT_ACTIVE_COMPILATION_CONDITIONS = DEBUG;
				SWIFT_OPTIMIZATION_LEVEL = "-Onone";
			};
			name = Debug;
		};
		8437CB1124C869CE0070FDA1 /* Release */ = {
			isa = XCBuildConfiguration;
			buildSettings = {
				ALWAYS_SEARCH_USER_PATHS = NO;
				CLANG_ANALYZER_NONNULL = YES;
				CLANG_ANALYZER_NUMBER_OBJECT_CONVERSION = YES_AGGRESSIVE;
				CLANG_CXX_LANGUAGE_STANDARD = "gnu++14";
				CLANG_CXX_LIBRARY = "libc++";
				CLANG_ENABLE_MODULES = YES;
				CLANG_ENABLE_OBJC_ARC = YES;
				CLANG_ENABLE_OBJC_WEAK = YES;
				CLANG_WARN_BLOCK_CAPTURE_AUTORELEASING = YES;
				CLANG_WARN_BOOL_CONVERSION = YES;
				CLANG_WARN_COMMA = YES;
				CLANG_WARN_CONSTANT_CONVERSION = YES;
				CLANG_WARN_DEPRECATED_OBJC_IMPLEMENTATIONS = YES;
				CLANG_WARN_DIRECT_OBJC_ISA_USAGE = YES_ERROR;
				CLANG_WARN_DOCUMENTATION_COMMENTS = YES;
				CLANG_WARN_EMPTY_BODY = YES;
				CLANG_WARN_ENUM_CONVERSION = YES;
				CLANG_WARN_INFINITE_RECURSION = YES;
				CLANG_WARN_INT_CONVERSION = YES;
				CLANG_WARN_NON_LITERAL_NULL_CONVERSION = YES;
				CLANG_WARN_OBJC_IMPLICIT_RETAIN_SELF = YES;
				CLANG_WARN_OBJC_LITERAL_CONVERSION = YES;
				CLANG_WARN_OBJC_ROOT_CLASS = YES_ERROR;
				CLANG_WARN_RANGE_LOOP_ANALYSIS = YES;
				CLANG_WARN_STRICT_PROTOTYPES = YES;
				CLANG_WARN_SUSPICIOUS_MOVE = YES;
				CLANG_WARN_UNGUARDED_AVAILABILITY = YES_AGGRESSIVE;
				CLANG_WARN_UNREACHABLE_CODE = YES;
				CLANG_WARN__DUPLICATE_METHOD_MATCH = YES;
				COPY_PHASE_STRIP = NO;
				DEBUG_INFORMATION_FORMAT = "dwarf-with-dsym";
				ENABLE_NS_ASSERTIONS = NO;
				ENABLE_STRICT_OBJC_MSGSEND = YES;
				GCC_C_LANGUAGE_STANDARD = gnu11;
				GCC_NO_COMMON_BLOCKS = YES;
				GCC_WARN_64_TO_32_BIT_CONVERSION = YES;
				GCC_WARN_ABOUT_RETURN_TYPE = YES_ERROR;
				GCC_WARN_UNDECLARED_SELECTOR = YES;
				GCC_WARN_UNINITIALIZED_AUTOS = YES_AGGRESSIVE;
				GCC_WARN_UNUSED_FUNCTION = YES;
				GCC_WARN_UNUSED_VARIABLE = YES;
				IPHONEOS_DEPLOYMENT_TARGET = 13.2;
				MTL_ENABLE_DEBUG_INFO = NO;
				MTL_FAST_MATH = YES;
				SDKROOT = iphoneos;
				SWIFT_COMPILATION_MODE = wholemodule;
				SWIFT_OPTIMIZATION_LEVEL = "-O";
				VALIDATE_PRODUCT = YES;
			};
			name = Release;
		};
		8437CB1324C869CE0070FDA1 /* Debug */ = {
			isa = XCBuildConfiguration;
			buildSettings = {
				ASSETCATALOG_COMPILER_APPICON_NAME = AppIcon;
				CODE_SIGN_STYLE = Automatic;
				DEVELOPMENT_TEAM = 68ZWDW3GWY;
				INFOPLIST_FILE = "Shopping List/Info.plist";
				LD_RUNPATH_SEARCH_PATHS = (
					"$(inherited)",
					"@executable_path/Frameworks",
				);
				PRODUCT_BUNDLE_IDENTIFIER = "com.iShanicey.Shopping-List";
				PRODUCT_NAME = "$(TARGET_NAME)";
				SWIFT_VERSION = 5.0;
				TARGETED_DEVICE_FAMILY = "1,2";
			};
			name = Debug;
		};
		8437CB1424C869CE0070FDA1 /* Release */ = {
			isa = XCBuildConfiguration;
			buildSettings = {
				ASSETCATALOG_COMPILER_APPICON_NAME = AppIcon;
				CODE_SIGN_STYLE = Automatic;
				DEVELOPMENT_TEAM = 68ZWDW3GWY;
				INFOPLIST_FILE = "Shopping List/Info.plist";
				LD_RUNPATH_SEARCH_PATHS = (
					"$(inherited)",
					"@executable_path/Frameworks",
				);
				PRODUCT_BUNDLE_IDENTIFIER = "com.iShanicey.Shopping-List";
				PRODUCT_NAME = "$(TARGET_NAME)";
				SWIFT_VERSION = 5.0;
				TARGETED_DEVICE_FAMILY = "1,2";
			};
			name = Release;
		};
		8437CB1624C869CE0070FDA1 /* Debug */ = {
			isa = XCBuildConfiguration;
			buildSettings = {
				ALWAYS_EMBED_SWIFT_STANDARD_LIBRARIES = YES;
				BUNDLE_LOADER = "$(TEST_HOST)";
				CODE_SIGN_STYLE = Automatic;
				DEVELOPMENT_TEAM = 68ZWDW3GWY;
				INFOPLIST_FILE = "Shopping ListTests/Info.plist";
				IPHONEOS_DEPLOYMENT_TARGET = 13.2;
				LD_RUNPATH_SEARCH_PATHS = (
					"$(inherited)",
					"@executable_path/Frameworks",
					"@loader_path/Frameworks",
				);
				PRODUCT_BUNDLE_IDENTIFIER = "com.iShanicey.Shopping-ListTests";
				PRODUCT_NAME = "$(TARGET_NAME)";
				SWIFT_VERSION = 5.0;
				TARGETED_DEVICE_FAMILY = "1,2";
				TEST_HOST = "$(BUILT_PRODUCTS_DIR)/Shopping List.app/Shopping List";
			};
			name = Debug;
		};
		8437CB1724C869CE0070FDA1 /* Release */ = {
			isa = XCBuildConfiguration;
			buildSettings = {
				ALWAYS_EMBED_SWIFT_STANDARD_LIBRARIES = YES;
				BUNDLE_LOADER = "$(TEST_HOST)";
				CODE_SIGN_STYLE = Automatic;
				DEVELOPMENT_TEAM = 68ZWDW3GWY;
				INFOPLIST_FILE = "Shopping ListTests/Info.plist";
				IPHONEOS_DEPLOYMENT_TARGET = 13.2;
				LD_RUNPATH_SEARCH_PATHS = (
					"$(inherited)",
					"@executable_path/Frameworks",
					"@loader_path/Frameworks",
				);
				PRODUCT_BUNDLE_IDENTIFIER = "com.iShanicey.Shopping-ListTests";
				PRODUCT_NAME = "$(TARGET_NAME)";
				SWIFT_VERSION = 5.0;
				TARGETED_DEVICE_FAMILY = "1,2";
				TEST_HOST = "$(BUILT_PRODUCTS_DIR)/Shopping List.app/Shopping List";
			};
			name = Release;
		};
		8437CB1924C869CE0070FDA1 /* Debug */ = {
			isa = XCBuildConfiguration;
			buildSettings = {
				ALWAYS_EMBED_SWIFT_STANDARD_LIBRARIES = YES;
				CODE_SIGN_STYLE = Automatic;
				DEVELOPMENT_TEAM = 68ZWDW3GWY;
				INFOPLIST_FILE = "Shopping ListUITests/Info.plist";
				LD_RUNPATH_SEARCH_PATHS = (
					"$(inherited)",
					"@executable_path/Frameworks",
					"@loader_path/Frameworks",
				);
				PRODUCT_BUNDLE_IDENTIFIER = "com.iShanicey.Shopping-ListUITests";
				PRODUCT_NAME = "$(TARGET_NAME)";
				SWIFT_VERSION = 5.0;
				TARGETED_DEVICE_FAMILY = "1,2";
				TEST_TARGET_NAME = "Shopping List";
			};
			name = Debug;
		};
		8437CB1A24C869CE0070FDA1 /* Release */ = {
			isa = XCBuildConfiguration;
			buildSettings = {
				ALWAYS_EMBED_SWIFT_STANDARD_LIBRARIES = YES;
				CODE_SIGN_STYLE = Automatic;
				DEVELOPMENT_TEAM = 68ZWDW3GWY;
				INFOPLIST_FILE = "Shopping ListUITests/Info.plist";
				LD_RUNPATH_SEARCH_PATHS = (
					"$(inherited)",
					"@executable_path/Frameworks",
					"@loader_path/Frameworks",
				);
				PRODUCT_BUNDLE_IDENTIFIER = "com.iShanicey.Shopping-ListUITests";
				PRODUCT_NAME = "$(TARGET_NAME)";
				SWIFT_VERSION = 5.0;
				TARGETED_DEVICE_FAMILY = "1,2";
				TEST_TARGET_NAME = "Shopping List";
			};
			name = Release;
		};
/* End XCBuildConfiguration section */

/* Begin XCConfigurationList section */
		8437CAE324C869C70070FDA1 /* Build configuration list for PBXProject "Shopping List" */ = {
			isa = XCConfigurationList;
			buildConfigurations = (
				8437CB1024C869CE0070FDA1 /* Debug */,
				8437CB1124C869CE0070FDA1 /* Release */,
			);
			defaultConfigurationIsVisible = 0;
			defaultConfigurationName = Release;
		};
		8437CB1224C869CE0070FDA1 /* Build configuration list for PBXNativeTarget "Shopping List" */ = {
			isa = XCConfigurationList;
			buildConfigurations = (
				8437CB1324C869CE0070FDA1 /* Debug */,
				8437CB1424C869CE0070FDA1 /* Release */,
			);
			defaultConfigurationIsVisible = 0;
			defaultConfigurationName = Release;
		};
		8437CB1524C869CE0070FDA1 /* Build configuration list for PBXNativeTarget "Shopping ListTests" */ = {
			isa = XCConfigurationList;
			buildConfigurations = (
				8437CB1624C869CE0070FDA1 /* Debug */,
				8437CB1724C869CE0070FDA1 /* Release */,
			);
			defaultConfigurationIsVisible = 0;
			defaultConfigurationName = Release;
		};
		8437CB1824C869CE0070FDA1 /* Build configuration list for PBXNativeTarget "Shopping ListUITests" */ = {
			isa = XCConfigurationList;
			buildConfigurations = (
				8437CB1924C869CE0070FDA1 /* Debug */,
				8437CB1A24C869CE0070FDA1 /* Release */,
			);
			defaultConfigurationIsVisible = 0;
			defaultConfigurationName = Release;
		};
/* End XCConfigurationList section */
	};
	rootObject = 8437CAE024C869C70070FDA1 /* Project object */;
}
